github.com/PaesslerAG/gval v1.0.0/go.mod h1:y/nm5yEyTeX6av0OfKJNp9rBNj2XrGhAf5+v24IBN1I=
github.com/PaesslerAG/gval v1.2.3 h1:Z3B/zLyWvqxjUtkIOEkFauqLnQn8Q37F1Q+uAjLXgMw=
github.com/PaesslerAG/gval v1.2.3/go.mod h1:XRFLwvmkTEdYziLdaCeCa5ImcGVrfQbeNUbVR+C6xac=
github.com/PaesslerAG/jsonpath v0.1.0/go.mod h1:4BzmtoM/PI8fPO4aQGIusjGxGir2BzcV0grWtFzq1Y8=
github.com/PaesslerAG/jsonpath v0.1.1 h1:c1/AToHQMVsduPAa4Vh6xp2U0evy4t8SWp8imEsylIk=
github.com/PaesslerAG/jsonpath v0.1.1/go.mod h1:lVboNxFGal/VwW6d9JzIy56bUsYAP6tH/x80vjnCseY=
github.com/aws/aws-lambda-go v1.47.0 h1:0H8s0vumYx/YKs4sE7YM0ktwL2eWse+kfopsRI1sXVI=
github.com/aws/aws-lambda-go v1.47.0/go.mod h1:dpMpZgvWx5vuQJfBt0zqBha60q7Dd7RfgJv23DymV8A=
github.com/aws/aws-sdk-go v1.55.5 h1:KKUZBfBoyqy5d3swXyiC7Q76ic40rYcbqH7qjh59kzU=
github.com/aws/aws-sdk-go v1.55.5/go.mod h1:eRwEWoyTWFMVYVQzKMNHWP5/RV4xIUGMQfXQHfHkpNU=
github.com/aws/aws-sdk-go-v2 v1.32.3 h1:T0dRlFBKcdaUPGNtkBSwHZxrtis8CQU17UpNBZYd0wk=
github.com/aws/aws-sdk-go-v2 v1.32.3/go.mod h1:2SK5n0a2karNTv5tbP1SjsX0uhttou00v/HpXKM1ZUo=
github.com/aws/aws-sdk-go-v2/config v1.28.1 h1:oxIvOUXy8x0U3fR//0eq+RdCKimWI900+SV+10xsCBw=
github.com/aws/aws-sdk-go-v2/config v1.28.1/go.mod h1:bRQcttQJiARbd5JZxw6wG0yIK3eLeSCPdg6uqmmlIiI=
github.com/aws/aws-sdk-go-v2/credentials v1.17.42 h1:sBP0RPjBU4neGpIYyx8mkU2QqLPl5u9cmdTWVzIpHkM=
github.com/aws/aws-sdk-go-v2/credentials v1.17.42/go.mod h1:FwZBfU530dJ26rv9saAbxa9Ej3eF/AK0OAY86k13n4M=
github.com/aws/aws-sdk-go-v2/feature/ec2/imds v1.16.18 h1:68jFVtt3NulEzojFesM/WVarlFpCaXLKaBxDpzkQ9OQ=
github.com/aws/aws-sdk-go-v2/feature/ec2/imds v1.16.18/go.mod h1:Fjnn5jQVIo6VyedMc0/EhPpfNlPl7dHV916O6B+49aE=
github.com/aws/aws-sdk-go-v2/internal/configsources v1.3.22 h1:Jw50LwEkVjuVzE1NzkhNKkBf9cRN7MtE1F/b2cOKTUM=
github.com/aws/aws-sdk-go-v2/internal/configsources v1.3.22/go.mod h1:Y/SmAyPcOTmpeVaWSzSKiILfXTVJwrGmYZhcRbhWuEY=
github.com/aws/aws-sdk-go-v2/internal/endpoints/v2 v2.6.22 h1:981MHwBaRZM7+9QSR6XamDzF/o7ouUGxFzr+nVSIhrs=
github.com/aws/aws-sdk-go-v2/internal/endpoints/v2 v2.6.22/go.mod h1:1RA1+aBEfn+CAB/Mh0MB6LsdCYCnjZm7tKXtnk499ZQ=
github.com/aws/aws-sdk-go-v2/internal/ini v1.8.1 h1:VaRN3TlFdd6KxX1x3ILT5ynH6HvKgqdiXoTxAF4HQcQ=
github.com/aws/aws-sdk-go-v2/internal/ini v1.8.1/go.mod h1:FbtygfRFze9usAadmnGJNc8KsP346kEe+y2/oyhGAGc=
github.com/aws/aws-sdk-go-v2/service/apigatewaymanagementapi v1.23.3 h1:5Y+5h45jaJsk8CHzaNnseW2FbHXaV1QO4J1pOX05v/U=
github.com/aws/aws-sdk-go-v2/service/apigatewaymanagementapi v1.23.3/go.mod h1:gU9qdM/YRKgMjxh1xp7Q0fqULPiJfSDzeNMyPQcW6jU=
github.com/aws/aws-sdk-go-v2/service/internal/accept-encoding v1.12.0 h1:TToQNkvGguu209puTojY/ozlqy2d/SFNcoLIqTFi42g=
github.com/aws/aws-sdk-go-v2/service/internal/accept-encoding v1.12.0/go.mod h1:0jp+ltwkf+SwG2fm/PKo8t4y8pJSgOCO4D8Lz3k0aHQ=
github.com/aws/aws-sdk-go-v2/service/internal/presigned-url v1.12.3 h1:qcxX0JYlgWH3hpPUnd6U0ikcl6LLA9sLkXE2w1fpMvY=
github.com/aws/aws-sdk-go-v2/service/internal/presigned-url v1.12.3/go.mod h1:cLSNEmI45soc+Ef8K/L+8sEA3A3pYFEYf5B5UI+6bH4=
github.com/aws/aws-sdk-go-v2/service/sso v1.24.3 h1:UTpsIf0loCIWEbrqdLb+0RxnTXfWh2vhw4nQmFi4nPc=
github.com/aws/aws-sdk-go-v2/service/sso v1.24.3/go.mod h1:FZ9j3PFHHAR+w0BSEjK955w5YD2UwB/l/H0yAK3MJvI=
github.com/aws/aws-sdk-go-v2/service/ssooidc v1.28.3 h1:2YCmIXv3tmiItw0LlYf6v7gEHebLY45kBEnPezbUKyU=
github.com/aws/aws-sdk-go-v2/service/ssooidc v1.28.3/go.mod h1:u19stRyNPxGhj6dRm+Cdgu6N75qnbW7+QN0q0dsAk58=
github.com/aws/aws-sdk-go-v2/service/sts v1.32.3 h1:wVnQ6tigGsRqSWDEEyH6lSAJ9OyFUsSnbaUWChuSGzs=
github.com/aws/aws-sdk-go-v2/service/sts v1.32.3/go.mod h1:VZa9yTFyj4o10YGsmDO4gbQJUvvhY72fhumT8W4LqsE=
github.com/aws/smithy-go v1.22.0 h1:uunKnWlcoL3zO7q+gG2Pk53joueEOsnNB28QdMsmiMM=
github.com/aws/smithy-go v1.22.0/go.mod h1:irrKGvNn1InZwb2d7fkIRNucdfwR8R+Ts3wxYa/cJHg=
github.com/davecgh/go-spew v1.1.0/go.mod h1:J7Y8YcW2NihsgmVo/mv3lAwl/skON4iLHjSsI+c5H38=
github.com/davecgh/go-spew v1.1.1 h1:vj9j/u1bqnvCEfJOwUhtlOARqs3+rkHYY13jYWTU97c=
github.com/davecgh/go-spew v1.1.1/go.mod h1:J7Y8YcW2NihsgmVo/mv3lAwl/skON4iLHjSsI+c5H38=
github.com/jmespath/go-jmespath v0.4.0 h1:BEgLn5cpjn8UN1mAw4NjwDrS35OdebyEtFe+9YPoQUg=
github.com/jmespath/go-jmespath v0.4.0/go.mod h1:T8mJZnbsbmF+m6zOOFylbeCJqk5+pHWvzYPziyZiYoo=
github.com/jmespath/go-jmespath/internal/testify v1.5.1 h1:shLQSRRSCCPj3f2gpwzGwWFoC7ycTf1rcQZHOlsJ6N8=
github.com/jmespath/go-jmespath/internal/testify v1.5.1/go.mod h1:L3OGu8Wl2/fWfCI6z80xFu9LTZmf1ZRjMHUOPmWr69U=
github.com/pmezard/go-difflib v1.0.0 h1:4DBwDE0NGyQoBHbLQYPwSUPoCMWR5BEzIk/f1lZbAQM=
github.com/pmezard/go-difflib v1.0.0/go.mod h1:iKH77koFhYxTK1pcRnkKkqfTogsbg7gZNVY4sRDYZ/4=
github.com/shopspring/decimal v1.3.1/go.mod h1:DKyhrW/HYNuLGql+MJL6WCR6knT2jwCFRcu2hWCYk4o=
github.com/shopspring/decimal v1.4.0 h1:bxl37RwXBklmTi0C79JfXCEBD1cqqHt0bbgBAGFp81k=
github.com/shopspring/decimal v1.4.0/go.mod h1:gawqmDU56v4yIKSwfBSFip1HdCCXN8/+DMd9qYNcwME=
github.com/stretchr/objx v0.1.0/go.mod h1:HFkY916IF+rwdDfMAkV7OtwuqBVzrE8GR6GFx+wExME=
github.com/stretchr/testify v1.9.0 h1:HtqpIVDClZ4nwg75+f6Lvsy/wHu+3BoSGCbBAcpTsTg=
github.com/stretchr/testify v1.9.0/go.mod h1:r2ic/lqez/lEtzL7wO/rwa5dbSLXVDPFyf8C91i36aY=
github.com/yacchi/lambda-http-adaptor v0.4.2-0.20241031135702-2e769668277a h1:oQch92qKQzuYcs4uPz4f5IklW2ktvU5v/nE+1iRiHf0=
github.com/yacchi/lambda-http-adaptor v0.4.2-0.20241031135702-2e769668277a/go.mod h1:t/N0qUSuurlZjdqz2a+kW2SyzISi3LaTsGWlS2mGneM=
github.com/yacchi/lambda-http-adaptor v0.4.2-0.20241031191952-89af289a93a8 h1:4z2iDB9iBF8Ar7qSdKBRFNp5lacPakbPNlmGUulbKD8=
github.com/yacchi/lambda-http-adaptor v0.4.2-0.20241031191952-89af289a93a8/go.mod h1:t/N0qUSuurlZjdqz2a+kW2SyzISi3LaTsGWlS2mGneM=
github.com/yacchi/lambda-http-adaptor v0.4.2-0.20241031193601-9189ffbe27e7 h1:9lcTyn/BUaHkpAKIe4OEgjIwTm0iFi7VqpfZcMbhOh8=
github.com/yacchi/lambda-http-adaptor v0.4.2-0.20241031193601-9189ffbe27e7/go.mod h1:t/N0qUSuurlZjdqz2a+kW2SyzISi3LaTsGWlS2mGneM=
github.com/yacchi/lambda-http-adaptor v0.5.1-0.20241031193601-9189ffbe27e7 h1:mEcI32FJlVTyb1nxTLk/OGlp+VNajHwCxb0vHgMy5B4=
github.com/yacchi/lambda-http-adaptor v0.5.1-0.20241031193601-9189ffbe27e7/go.mod h1:t/N0qUSuurlZjdqz2a+kW2SyzISi3LaTsGWlS2mGneM=
github.com/yacchi/lambda-http-adaptor v0.6.1-0.20241101095912-7ee1944d7e46 h1:x/N1bHEOeXZHTMKB1ziUVocZ3oUndIvxRCZRXihu8Rc=
github.com/yacchi/lambda-http-adaptor v0.6.1-0.20241101095912-7ee1944d7e46/go.mod h1:t/N0qUSuurlZjdqz2a+kW2SyzISi3LaTsGWlS2mGneM=
github.com/yacchi/lambda-http-adaptor v0.6.1-0.20241101161611-f8c8c50e482b h1:ksqO1AL5Ktz1uSc2hSR/hzb25Ig3f5P5ukV9QGYXzZc=
github.com/yacchi/lambda-http-adaptor v0.6.1-0.20241101161611-f8c8c50e482b/go.mod h1:t/N0qUSuurlZjdqz2a+kW2SyzISi3LaTsGWlS2mGneM=
github.com/yacchi/lambda-http-adaptor v0.6.1-0.20241101162027-3eee580a71eb h1:yUyd+t/cGvST8/dwHeUB4evHPhhl6Ec4+4xxBI113Is=
github.com/yacchi/lambda-http-adaptor v0.6.1-0.20241101162027-3eee580a71eb/go.mod h1:t/N0qUSuurlZjdqz2a+kW2SyzISi3LaTsGWlS2mGneM=
github.com/yacchi/lambda-http-adaptor v0.6.1-0.20241101171303-73df742bf91f h1:vYwT49B3O6wJCaGXYL4GJpfGiwjgo+AfTKKEXecKZ4M=
github.com/yacchi/lambda-http-adaptor v0.6.1-0.20241101171303-73df742bf91f/go.mod h1:t/N0qUSuurlZjdqz2a+kW2SyzISi3LaTsGWlS2mGneM=
github.com/yacchi/lambda-http-adaptor v0.6.1-0.20241101183119-210e968c0975 h1:dCJOyrOTlth1HCnXcMFi3VZu9g/p+X0O/Dlk/wiTXIQ=
github.com/yacchi/lambda-http-adaptor v0.6.1-0.20241101183119-210e968c0975/go.mod h1:t/N0qUSuurlZjdqz2a+kW2SyzISi3LaTsGWlS2mGneM=
github.com/yacchi/lambda-http-adaptor v0.6.1-0.20241101192558-23d5ebcc731b h1:ajPkNDYjOayFAeJ42Oa526wZYKxKVCq7nPkHiVpPxmI=
github.com/yacchi/lambda-http-adaptor v0.6.1-0.20241101192558-23d5ebcc731b/go.mod h1:t/N0qUSuurlZjdqz2a+kW2SyzISi3LaTsGWlS2mGneM=
github.com/yacchi/lambda-http-adaptor v0.6.1-0.20241103182440-52e2298bd08a h1:ADQBK6uD+kPYxqrFP5pua2+HDB8eDr1g5/gnVR6Hlq0=
github.com/yacchi/lambda-http-adaptor v0.6.1-0.20241103182440-52e2298bd08a/go.mod h1:t/N0qUSuurlZjdqz2a+kW2SyzISi3LaTsGWlS2mGneM=
github.com/yacchi/lambda-http-adaptor v0.6.1-0.20241104151505-4a733e2ddc49 h1:6+K8CeFtwsKZ9HJ0u0PoG+ea71+CJNFCLtOr+2IR9OE=
github.com/yacchi/lambda-http-adaptor v0.6.1-0.20241104151505-4a733e2ddc49/go.mod h1:t/N0qUSuurlZjdqz2a+kW2SyzISi3LaTsGWlS2mGneM=
github.com/yacchi/lambda-http-adaptor v0.6.1-0.20241104171735-17233ecfa515 h1:bytDFrKSOX00O8NqaY0DkSxJkiVOx/lqdCgom7QegWs=
github.com/yacchi/lambda-http-adaptor v0.6.1-0.20241104171735-17233ecfa515/go.mod h1:t/N0qUSuurlZjdqz2a+kW2SyzISi3LaTsGWlS2mGneM=
github.com/yacchi/lambda-http-adaptor v0.6.1-0.20241104180320-c52a9c734801 h1:MXjHv2CgmKN39hpWrrgoR7w3kisN7j6+tk5UaME8IRM=
github.com/yacchi/lambda-http-adaptor v0.6.1-0.20241104180320-c52a9c734801/go.mod h1:t/N0qUSuurlZjdqz2a+kW2SyzISi3LaTsGWlS2mGneM=
github.com/yacchi/lambda-http-adaptor v0.6.1-0.20241104181749-c680be804655 h1:swFZ4+mDiwmi2wiwvuamm5yCedWVtGp0bDBGFXkqf5s=
github.com/yacchi/lambda-http-adaptor v0.6.1-0.20241104181749-c680be804655/go.mod h1:t/N0qUSuurlZjdqz2a+kW2SyzISi3LaTsGWlS2mGneM=
github.com/yacchi/lambda-http-adaptor v0.6.1-0.20241105013002-5cc01a05cc3b h1:QPIC9t0noGIi/2i6vZdLeJpaFQzlrZw81Xjg686Ha7g=
github.com/yacchi/lambda-http-adaptor v0.6.1-0.20241105013002-5cc01a05cc3b/go.mod h1:t/N0qUSuurlZjdqz2a+kW2SyzISi3LaTsGWlS2mGneM=
github.com/yacchi/lambda-http-adaptor v0.6.1-0.20241105014906-0b8fa46192cc h1:hEEn/MiTyR66G2Ekx410j/mXVqDSWI5NYjtXv4BGdhY=
github.com/yacchi/lambda-http-adaptor v0.6.1-0.20241105014906-0b8fa46192cc/go.mod h1:t/N0qUSuurlZjdqz2a+kW2SyzISi3LaTsGWlS2mGneM=
github.com/yacchi/lambda-http-adaptor v0.6.1-0.20241105015902-23e8c798d94a h1:1juIIpF7BZR07h9uZH4v6Ry8PwgHgdSGp04ZwPsMrJI=
github.com/yacchi/lambda-http-adaptor v0.6.1-0.20241105015902-23e8c798d94a/go.mod h1:t/N0qUSuurlZjdqz2a+kW2SyzISi3LaTsGWlS2mGneM=
github.com/yacchi/lambda-http-adaptor v0.6.1-0.20241105020458-473496fe4d1e h1:9iWKehFfuAsMEEp4Iyyxgwk8hNhKk3vy/oGCq4Ml/Lc=
github.com/yacchi/lambda-http-adaptor v0.6.1-0.20241105020458-473496fe4d1e/go.mod h1:t/N0qUSuurlZjdqz2a+kW2SyzISi3LaTsGWlS2mGneM=
gopkg.in/check.v1 v0.0.0-20161208181325-20d25e280405/go.mod h1:Co6ibVJAznAaIkqp8huTwlJQCZ016jof/cbN4VW5Yz0=
gopkg.in/yaml.v2 v2.2.8 h1:obN1ZagJSUGI0Ek/LBmuj4SNLPfIny3KsKFopxRdj10=
gopkg.in/yaml.v2 v2.2.8/go.mod h1:hI93XBmqTisBFMUTm0b8Fm+jr3Dg1NNxqwp+5A1VGuI=
gopkg.in/yaml.v3 v3.0.1 h1:fxVm/GzAzEWqLHuvctI91KS9hhNmmWOoWu0XTYJS7CA=
gopkg.in/yaml.v3 v3.0.1/go.mod h1:K4uyk7z7BCEPqu6E+C64Yfv1cQ7kz7rIZviUmN+EgEM=
